// !$*UTF8*$!
{
	archiveVersion = 1;
	classes = {
	};
	objectVersion = 56;
	objects = {

/* Begin PBXBuildFile section */
		3852E70728FF3EC900EE7149 /* WelcomeConnectView.swift in Sources */ = {isa = PBXBuildFile; fileRef = 3852E70628FF3EC900EE7149 /* WelcomeConnectView.swift */; };
		3852E70928FF442500EE7149 /* VictorMono-BoldItalic.ttf in Resources */ = {isa = PBXBuildFile; fileRef = 3852E70828FF442500EE7149 /* VictorMono-BoldItalic.ttf */; };
		386F10AD28F919A400FCF020 /* CoinbaseWalletSDK in Frameworks */ = {isa = PBXBuildFile; productRef = 386F10AC28F919A400FCF020 /* CoinbaseWalletSDK */; };
		38EAB68128F5247800CCA0AA /* IntegrateSomeWalletApp.swift in Sources */ = {isa = PBXBuildFile; fileRef = 38EAB68028F5247800CCA0AA /* IntegrateSomeWalletApp.swift */; };
		38EAB68328F5247800CCA0AA /* ContentView.swift in Sources */ = {isa = PBXBuildFile; fileRef = 38EAB68228F5247800CCA0AA /* ContentView.swift */; };
		38EAB68528F5247900CCA0AA /* Assets.xcassets in Resources */ = {isa = PBXBuildFile; fileRef = 38EAB68428F5247900CCA0AA /* Assets.xcassets */; };
		38EAB68828F5247900CCA0AA /* Preview Assets.xcassets in Resources */ = {isa = PBXBuildFile; fileRef = 38EAB68728F5247900CCA0AA /* Preview Assets.xcassets */; };
/* End PBXBuildFile section */

/* Begin PBXFileReference section */
		3852E70628FF3EC900EE7149 /* WelcomeConnectView.swift */ = {isa = PBXFileReference; lastKnownFileType = sourcecode.swift; path = WelcomeConnectView.swift; sourceTree = "<group>"; };
		3852E70828FF442500EE7149 /* VictorMono-BoldItalic.ttf */ = {isa = PBXFileReference; lastKnownFileType = file; path = "VictorMono-BoldItalic.ttf"; sourceTree = "<group>"; };
		3852E70A28FF443400EE7149 /* Info.plist */ = {isa = PBXFileReference; lastKnownFileType = text.plist; path = Info.plist; sourceTree = "<group>"; };
		38EAB67D28F5247800CCA0AA /* IntegrateSomeWallet.app */ = {isa = PBXFileReference; explicitFileType = wrapper.application; includeInIndex = 0; path = IntegrateSomeWallet.app; sourceTree = BUILT_PRODUCTS_DIR; };
		38EAB68028F5247800CCA0AA /* IntegrateSomeWalletApp.swift */ = {isa = PBXFileReference; lastKnownFileType = sourcecode.swift; path = IntegrateSomeWalletApp.swift; sourceTree = "<group>"; };
		38EAB68228F5247800CCA0AA /* ContentView.swift */ = {isa = PBXFileReference; lastKnownFileType = sourcecode.swift; path = ContentView.swift; sourceTree = "<group>"; };
		38EAB68428F5247900CCA0AA /* Assets.xcassets */ = {isa = PBXFileReference; lastKnownFileType = folder.assetcatalog; path = Assets.xcassets; sourceTree = "<group>"; };
		38EAB68728F5247900CCA0AA /* Preview Assets.xcassets */ = {isa = PBXFileReference; lastKnownFileType = folder.assetcatalog; path = "Preview Assets.xcassets"; sourceTree = "<group>"; };
/* End PBXFileReference section */

/* Begin PBXFrameworksBuildPhase section */
		38EAB67A28F5247800CCA0AA /* Frameworks */ = {
			isa = PBXFrameworksBuildPhase;
			buildActionMask = 2147483647;
			files = (
				386F10AD28F919A400FCF020 /* CoinbaseWalletSDK in Frameworks */,
			);
			runOnlyForDeploymentPostprocessing = 0;
		};
/* End PBXFrameworksBuildPhase section */

/* Begin PBXGroup section */
		3852E70528FF3EBB00EE7149 /* View */ = {
			isa = PBXGroup;
			children = (
				3852E70628FF3EC900EE7149 /* WelcomeConnectView.swift */,
			);
			path = View;
			sourceTree = "<group>";
		};
		38EAB67428F5247800CCA0AA = {
			isa = PBXGroup;
			children = (
				38EAB67F28F5247800CCA0AA /* IntegrateSomeWallet */,
				38EAB67E28F5247800CCA0AA /* Products */,
			);
			sourceTree = "<group>";
		};
		38EAB67E28F5247800CCA0AA /* Products */ = {
			isa = PBXGroup;
			children = (
				38EAB67D28F5247800CCA0AA /* IntegrateSomeWallet.app */,
			);
			name = Products;
			sourceTree = "<group>";
		};
		38EAB67F28F5247800CCA0AA /* IntegrateSomeWallet */ = {
			isa = PBXGroup;
			children = (
				3852E70A28FF443400EE7149 /* Info.plist */,
				3852E70528FF3EBB00EE7149 /* View */,
				38EAB68028F5247800CCA0AA /* IntegrateSomeWalletApp.swift */,
				38EAB68228F5247800CCA0AA /* ContentView.swift */,
				3852E70828FF442500EE7149 /* VictorMono-BoldItalic.ttf */,
				38EAB68428F5247900CCA0AA /* Assets.xcassets */,
				38EAB68628F5247900CCA0AA /* Preview Content */,
			);
			path = IntegrateSomeWallet;
			sourceTree = "<group>";
		};
		38EAB68628F5247900CCA0AA /* Preview Content */ = {
			isa = PBXGroup;
			children = (
				38EAB68728F5247900CCA0AA /* Preview Assets.xcassets */,
			);
			path = "Preview Content";
			sourceTree = "<group>";
		};
/* End PBXGroup section */

/* Begin PBXNativeTarget section */
		38EAB67C28F5247800CCA0AA /* IntegrateSomeWallet */ = {
			isa = PBXNativeTarget;
			buildConfigurationList = 38EAB68B28F5247900CCA0AA /* Build configuration list for PBXNativeTarget "IntegrateSomeWallet" */;
			buildPhases = (
				38EAB67928F5247800CCA0AA /* Sources */,
				38EAB67A28F5247800CCA0AA /* Frameworks */,
				38EAB67B28F5247800CCA0AA /* Resources */,
			);
			buildRules = (
			);
			dependencies = (
			);
			name = IntegrateSomeWallet;
			packageProductDependencies = (
				386F10AC28F919A400FCF020 /* CoinbaseWalletSDK */,
			);
			productName = IntegrateSomeWallet;
			productReference = 38EAB67D28F5247800CCA0AA /* IntegrateSomeWallet.app */;
			productType = "com.apple.product-type.application";
		};
/* End PBXNativeTarget section */

/* Begin PBXProject section */
		38EAB67528F5247800CCA0AA /* Project object */ = {
			isa = PBXProject;
			attributes = {
				BuildIndependentTargetsInParallel = 1;
				LastSwiftUpdateCheck = 1400;
				LastUpgradeCheck = 1400;
				TargetAttributes = {
					38EAB67C28F5247800CCA0AA = {
						CreatedOnToolsVersion = 14.0;
					};
				};
			};
			buildConfigurationList = 38EAB67828F5247800CCA0AA /* Build configuration list for PBXProject "IntegrateSomeWallet" */;
			compatibilityVersion = "Xcode 14.0";
			developmentRegion = en;
			hasScannedForEncodings = 0;
			knownRegions = (
				en,
				Base,
			);
			mainGroup = 38EAB67428F5247800CCA0AA;
			packageReferences = (
				386F10AB28F919A400FCF020 /* XCRemoteSwiftPackageReference "wallet-mobile-sdk" */,
			);
			productRefGroup = 38EAB67E28F5247800CCA0AA /* Products */;
			projectDirPath = "";
			projectRoot = "";
			targets = (
				38EAB67C28F5247800CCA0AA /* IntegrateSomeWallet */,
			);
		};
/* End PBXProject section */

/* Begin PBXResourcesBuildPhase section */
		38EAB67B28F5247800CCA0AA /* Resources */ = {
			isa = PBXResourcesBuildPhase;
			buildActionMask = 2147483647;
			files = (
				3852E70928FF442500EE7149 /* VictorMono-BoldItalic.ttf in Resources */,
				38EAB68828F5247900CCA0AA /* Preview Assets.xcassets in Resources */,
				38EAB68528F5247900CCA0AA /* Assets.xcassets in Resources */,
			);
			runOnlyForDeploymentPostprocessing = 0;
		};
/* End PBXResourcesBuildPhase section */

/* Begin PBXSourcesBuildPhase section */
		38EAB67928F5247800CCA0AA /* Sources */ = {
			isa = PBXSourcesBuildPhase;
			buildActionMask = 2147483647;
			files = (
				38EAB68328F5247800CCA0AA /* ContentView.swift in Sources */,
				3852E70728FF3EC900EE7149 /* WelcomeConnectView.swift in Sources */,
				38EAB68128F5247800CCA0AA /* IntegrateSomeWalletApp.swift in Sources */,
			);
			runOnlyForDeploymentPostprocessing = 0;
		};
/* End PBXSourcesBuildPhase section */

/* Begin XCBuildConfiguration section */
		38EAB68928F5247900CCA0AA /* Debug */ = {
			isa = XCBuildConfiguration;
			buildSettings = {
				ALWAYS_SEARCH_USER_PATHS = NO;
				CLANG_ANALYZER_NONNULL = YES;
				CLANG_ANALYZER_NUMBER_OBJECT_CONVERSION = YES_AGGRESSIVE;
				CLANG_CXX_LANGUAGE_STANDARD = "gnu++20";
				CLANG_ENABLE_MODULES = YES;
				CLANG_ENABLE_OBJC_ARC = YES;
				CLANG_ENABLE_OBJC_WEAK = YES;
				CLANG_WARN_BLOCK_CAPTURE_AUTORELEASING = YES;
				CLANG_WARN_BOOL_CONVERSION = YES;
				CLANG_WARN_COMMA = YES;
				CLANG_WARN_CONSTANT_CONVERSION = YES;
				CLANG_WARN_DEPRECATED_OBJC_IMPLEMENTATIONS = YES;
				CLANG_WARN_DIRECT_OBJC_ISA_USAGE = YES_ERROR;
				CLANG_WARN_DOCUMENTATION_COMMENTS = YES;
				CLANG_WARN_EMPTY_BODY = YES;
				CLANG_WARN_ENUM_CONVERSION = YES;
				CLANG_WARN_INFINITE_RECURSION = YES;
				CLANG_WARN_INT_CONVERSION = YES;
				CLANG_WARN_NON_LITERAL_NULL_CONVERSION = YES;
				CLANG_WARN_OBJC_IMPLICIT_RETAIN_SELF = YES;
				CLANG_WARN_OBJC_LITERAL_CONVERSION = YES;
				CLANG_WARN_OBJC_ROOT_CLASS = YES_ERROR;
				CLANG_WARN_QUOTED_INCLUDE_IN_FRAMEWORK_HEADER = YES;
				CLANG_WARN_RANGE_LOOP_ANALYSIS = YES;
				CLANG_WARN_STRICT_PROTOTYPES = YES;
				CLANG_WARN_SUSPICIOUS_MOVE = YES;
				CLANG_WARN_UNGUARDED_AVAILABILITY = YES_AGGRESSIVE;
				CLANG_WARN_UNREACHABLE_CODE = YES;
				CLANG_WARN__DUPLICATE_METHOD_MATCH = YES;
				COPY_PHASE_STRIP = NO;
				DEBUG_INFORMATION_FORMAT = dwarf;
				ENABLE_STRICT_OBJC_MSGSEND = YES;
				ENABLE_TESTABILITY = YES;
				GCC_C_LANGUAGE_STANDARD = gnu11;
				GCC_DYNAMIC_NO_PIC = NO;
				GCC_NO_COMMON_BLOCKS = YES;
				GCC_OPTIMIZATION_LEVEL = 0;
				GCC_PREPROCESSOR_DEFINITIONS = (
					"DEBUG=1",
					"$(inherited)",
				);
				GCC_WARN_64_TO_32_BIT_CONVERSION = YES;
				GCC_WARN_ABOUT_RETURN_TYPE = YES_ERROR;
				GCC_WARN_UNDECLARED_SELECTOR = YES;
				GCC_WARN_UNINITIALIZED_AUTOS = YES_AGGRESSIVE;
				GCC_WARN_UNUSED_FUNCTION = YES;
				GCC_WARN_UNUSED_VARIABLE = YES;
				IPHONEOS_DEPLOYMENT_TARGET = 16.0;
				MTL_ENABLE_DEBUG_INFO = INCLUDE_SOURCE;
				MTL_FAST_MATH = YES;
				ONLY_ACTIVE_ARCH = YES;
				SDKROOT = iphoneos;
				SWIFT_ACTIVE_COMPILATION_CONDITIONS = DEBUG;
				SWIFT_OPTIMIZATION_LEVEL = "-Onone";
			};
			name = Debug;
		};
		38EAB68A28F5247900CCA0AA /* Release */ = {
			isa = XCBuildConfiguration;
			buildSettings = {
				ALWAYS_SEARCH_USER_PATHS = NO;
				CLANG_ANALYZER_NONNULL = YES;
				CLANG_ANALYZER_NUMBER_OBJECT_CONVERSION = YES_AGGRESSIVE;
				CLANG_CXX_LANGUAGE_STANDARD = "gnu++20";
				CLANG_ENABLE_MODULES = YES;
				CLANG_ENABLE_OBJC_ARC = YES;
				CLANG_ENABLE_OBJC_WEAK = YES;
				CLANG_WARN_BLOCK_CAPTURE_AUTORELEASING = YES;
				CLANG_WARN_BOOL_CONVERSION = YES;
				CLANG_WARN_COMMA = YES;
				CLANG_WARN_CONSTANT_CONVERSION = YES;
				CLANG_WARN_DEPRECATED_OBJC_IMPLEMENTATIONS = YES;
				CLANG_WARN_DIRECT_OBJC_ISA_USAGE = YES_ERROR;
				CLANG_WARN_DOCUMENTATION_COMMENTS = YES;
				CLANG_WARN_EMPTY_BODY = YES;
				CLANG_WARN_ENUM_CONVERSION = YES;
				CLANG_WARN_INFINITE_RECURSION = YES;
				CLANG_WARN_INT_CONVERSION = YES;
				CLANG_WARN_NON_LITERAL_NULL_CONVERSION = YES;
				CLANG_WARN_OBJC_IMPLICIT_RETAIN_SELF = YES;
				CLANG_WARN_OBJC_LITERAL_CONVERSION = YES;
				CLANG_WARN_OBJC_ROOT_CLASS = YES_ERROR;
				CLANG_WARN_QUOTED_INCLUDE_IN_FRAMEWORK_HEADER = YES;
				CLANG_WARN_RANGE_LOOP_ANALYSIS = YES;
				CLANG_WARN_STRICT_PROTOTYPES = YES;
				CLANG_WARN_SUSPICIOUS_MOVE = YES;
				CLANG_WARN_UNGUARDED_AVAILABILITY = YES_AGGRESSIVE;
				CLANG_WARN_UNREACHABLE_CODE = YES;
				CLANG_WARN__DUPLICATE_METHOD_MATCH = YES;
				COPY_PHASE_STRIP = NO;
				DEBUG_INFORMATION_FORMAT = "dwarf-with-dsym";
				ENABLE_NS_ASSERTIONS = NO;
				ENABLE_STRICT_OBJC_MSGSEND = YES;
				GCC_C_LANGUAGE_STANDARD = gnu11;
				GCC_NO_COMMON_BLOCKS = YES;
				GCC_WARN_64_TO_32_BIT_CONVERSION = YES;
				GCC_WARN_ABOUT_RETURN_TYPE = YES_ERROR;
				GCC_WARN_UNDECLARED_SELECTOR = YES;
				GCC_WARN_UNINITIALIZED_AUTOS = YES_AGGRESSIVE;
				GCC_WARN_UNUSED_FUNCTION = YES;
				GCC_WARN_UNUSED_VARIABLE = YES;
				IPHONEOS_DEPLOYMENT_TARGET = 16.0;
				MTL_ENABLE_DEBUG_INFO = NO;
				MTL_FAST_MATH = YES;
				SDKROOT = iphoneos;
				SWIFT_COMPILATION_MODE = wholemodule;
				SWIFT_OPTIMIZATION_LEVEL = "-O";
				VALIDATE_PRODUCT = YES;
			};
			name = Release;
		};
		38EAB68C28F5247900CCA0AA /* Debug */ = {
			isa = XCBuildConfiguration;
			buildSettings = {
				ASSETCATALOG_COMPILER_APPICON_NAME = AppIcon;
				ASSETCATALOG_COMPILER_GLOBAL_ACCENT_COLOR_NAME = AccentColor;
				CODE_SIGN_STYLE = Automatic;
				CURRENT_PROJECT_VERSION = 1;
				DEVELOPMENT_ASSET_PATHS = "\"IntegrateSomeWallet/Preview Content\"";
				DEVELOPMENT_TEAM = Q3UH963L64;
				ENABLE_PREVIEWS = YES;
				GENERATE_INFOPLIST_FILE = YES;
				INFOPLIST_FILE = IntegrateSomeWallet/Info.plist;
				INFOPLIST_KEY_UIApplicationSceneManifest_Generation = YES;
				INFOPLIST_KEY_UIApplicationSupportsIndirectInputEvents = YES;
				INFOPLIST_KEY_UILaunchScreen_Generation = YES;
				INFOPLIST_KEY_UISupportedInterfaceOrientations_iPad = "UIInterfaceOrientationPortrait UIInterfaceOrientationPortraitUpsideDown UIInterfaceOrientationLandscapeLeft UIInterfaceOrientationLandscapeRight";
				INFOPLIST_KEY_UISupportedInterfaceOrientations_iPhone = "UIInterfaceOrientationPortrait UIInterfaceOrientationLandscapeLeft UIInterfaceOrientationLandscapeRight";
				LD_RUNPATH_SEARCH_PATHS = (
					"$(inherited)",
					"@executable_path/Frameworks",
				);
				MARKETING_VERSION = 1.0;
				PRODUCT_BUNDLE_IDENTIFIER = com.jrwappdev.IntegrateSomeWallet;
				PRODUCT_NAME = "$(TARGET_NAME)";
				SWIFT_EMIT_LOC_STRINGS = YES;
				SWIFT_VERSION = 5.0;
				TARGETED_DEVICE_FAMILY = "1,2";
			};
			name = Debug;
		};
		38EAB68D28F5247900CCA0AA /* Release */ = {
			isa = XCBuildConfiguration;
			buildSettings = {
				ASSETCATALOG_COMPILER_APPICON_NAME = AppIcon;
				ASSETCATALOG_COMPILER_GLOBAL_ACCENT_COLOR_NAME = AccentColor;
				CODE_SIGN_STYLE = Automatic;
				CURRENT_PROJECT_VERSION = 1;
				DEVELOPMENT_ASSET_PATHS = "\"IntegrateSomeWallet/Preview Content\"";
				DEVELOPMENT_TEAM = Q3UH963L64;
				ENABLE_PREVIEWS = YES;
				GENERATE_INFOPLIST_FILE = YES;
				INFOPLIST_FILE = IntegrateSomeWallet/Info.plist;
				INFOPLIST_KEY_UIApplicationSceneManifest_Generation = YES;
				INFOPLIST_KEY_UIApplicationSupportsIndirectInputEvents = YES;
				INFOPLIST_KEY_UILaunchScreen_Generation = YES;
				INFOPLIST_KEY_UISupportedInterfaceOrientations_iPad = "UIInterfaceOrientationPortrait UIInterfaceOrientationPortraitUpsideDown UIInterfaceOrientationLandscapeLeft UIInterfaceOrientationLandscapeRight";
				INFOPLIST_KEY_UISupportedInterfaceOrientations_iPhone = "UIInterfaceOrientationPortrait UIInterfaceOrientationLandscapeLeft UIInterfaceOrientationLandscapeRight";
				LD_RUNPATH_SEARCH_PATHS = (
					"$(inherited)",
					"@executable_path/Frameworks",
				);
				MARKETING_VERSION = 1.0;
				PRODUCT_BUNDLE_IDENTIFIER = com.jrwappdev.IntegrateSomeWallet;
				PRODUCT_NAME = "$(TARGET_NAME)";
				SWIFT_EMIT_LOC_STRINGS = YES;
				SWIFT_VERSION = 5.0;
				TARGETED_DEVICE_FAMILY = "1,2";
			};
			name = Release;
		};
/* End XCBuildConfiguration section */

/* Begin XCConfigurationList section */
		38EAB67828F5247800CCA0AA /* Build configuration list for PBXProject "IntegrateSomeWallet" */ = {
			isa = XCConfigurationList;
			buildConfigurations = (
				38EAB68928F5247900CCA0AA /* Debug */,
				38EAB68A28F5247900CCA0AA /* Release */,
			);
			defaultConfigurationIsVisible = 0;
			defaultConfigurationName = Release;
		};
		38EAB68B28F5247900CCA0AA /* Build configuration list for PBXNativeTarget "IntegrateSomeWallet" */ = {
			isa = XCConfigurationList;
			buildConfigurations = (
				38EAB68C28F5247900CCA0AA /* Debug */,
				38EAB68D28F5247900CCA0AA /* Release */,
			);
			defaultConfigurationIsVisible = 0;
			defaultConfigurationName = Release;
		};
/* End XCConfigurationList section */

/* Begin XCRemoteSwiftPackageReference section */
		386F10AB28F919A400FCF020 /* XCRemoteSwiftPackageReference "wallet-mobile-sdk" */ = {
			isa = XCRemoteSwiftPackageReference;
			repositoryURL = "https://github.com/coinbase/wallet-mobile-sdk";
			requirement = {
				kind = upToNextMajorVersion;
				minimumVersion = 1.0.3;
			};
		};
/* End XCRemoteSwiftPackageReference section */

/* Begin XCSwiftPackageProductDependency section */
		386F10AC28F919A400FCF020 /* CoinbaseWalletSDK */ = {
			isa = XCSwiftPackageProductDependency;
			package = 386F10AB28F919A400FCF020 /* XCRemoteSwiftPackageReference "wallet-mobile-sdk" */;
			productName = CoinbaseWalletSDK;
		};
/* End XCSwiftPackageProductDependency section */
	};
	rootObject = 38EAB67528F5247800CCA0AA /* Project object */;
}
